FORGE
  remote: http://forge.puppetlabs.com
  specs:
    dhoppe/hosts (0.0.4)
    glarizza/pick (0.0.1)
    grahamgilbert/crypt (0.0.1)
      grahamgilbert/mac_admin (>= 0.1.0)
      rcoleman/mac_profiles_handler (>= 0.1.0)
    grahamgilbert/mac_admin (0.1.0)
      grahamgilbert/macdefaults (>= 0.0.1)
      rcoleman/mac_profiles_handler (>= 0.1.0)
    grahamgilbert/mac_facts (0.3.0)
    grahamgilbert/macdefaults (0.0.1)
    grahamgilbert/wan_ip (0.0.1)
    mosen/cups (1.2.1)
    puppetlabs/stdlib (4.1.0)
    rcoleman/mac_profiles_handler (0.2.0)

DEPENDENCIES
  dhoppe/hosts (>= 0)
  glarizza/pick (>= 0)
  grahamgilbert/crypt (>= 0)
  grahamgilbert/mac_admin (>= 0)
  grahamgilbert/mac_facts (>= 0)
  grahamgilbert/macdefaults (>= 0)
  grahamgilbert/wan_ip (>= 0)
  mosen/cups (>= 0)
  puppetlabs/stdlib (>= 0)
  rcoleman/mac_profiles_handler (>= 0)

