FORGE
  remote: http://forge.puppetlabs.com
  specs:
    cprice404/inifile (0.10.4)
    dhoppe/hosts (0.0.4)
    grahamgilbert/mac_admin (0.1.0)
      grahamgilbert/macdefaults (>= 0.0.1)
      rcoleman/mac_profiles_handler (>= 0.1.0)
    grahamgilbert/macdefaults (0.0.1)
    puppetlabs/apache (0.8.1)
      puppetlabs/stdlib (>= 2.2.1)
      ripienaar/concat (>= 0.2.0)
    puppetlabs/apt (1.2.0)
      puppetlabs/stdlib (>= 2.2.1)
    puppetlabs/dashboard (0.0.4)
      puppetlabs/apache (>= 0.0.4)
      puppetlabs/mysql (>= 0.3.0)
      puppetlabs/passenger (>= 0.0.2)
    puppetlabs/firewall (0.4.0)
    puppetlabs/mysql (0.9.0)
      puppetlabs/stdlib (>= 2.2.1)
    puppetlabs/passenger (0.1.0)
      puppetlabs/apache (>= 0.0.3)
      puppetlabs/ruby (>= 0.0.1)
    puppetlabs/postgresql (2.4.1)
      puppetlabs/apt (< 2.0.0, >= 1.1.0)
      puppetlabs/firewall (>= 0.0.4)
      puppetlabs/stdlib (< 5.0.0, >= 3.2.0)
      ripienaar/concat (>= 0.2.0)
    puppetlabs/puppetdb (1.5.0)
      cprice404/inifile (>= 0.10.3)
      puppetlabs/firewall (>= 0.0.4)
      puppetlabs/postgresql (~> 2)
      puppetlabs/stdlib (>= 2.2.0)
    puppetlabs/ruby (0.0.2)
    puppetlabs/stdlib (4.1.0)
    puppetlabs/vcsrepo (0.1.2)
    rcoleman/mac_profiles_handler (0.2.0)
    ripienaar/concat (0.2.0)

GIT
  remote: https://github.com/bison/puppet-upstart.git
  ref: master
  sha: 05a10a3a58de3543eb51bb782a249cebf71f5cd8
  specs:
    upstart (0.0.1)
      puppetlabs/stdlib (>= 0.1.6)

GIT
  remote: https://github.com/fsalum/puppet-puppetmaster.git
  ref: master
  sha: bb28e66a32cfc357f767a83c781c57bef679d726
  specs:
    puppetmaster (0.0.2)
      cprice404/inifile (>= 0.9.0)

GIT
  remote: https://github.com/grahamgilbert/puppet-crypt.git
  ref: master
  sha: 205e5d128df2892898c1679b6ceb70bc45ced102
  specs:
    crypt (0.0.1)
      grahamgilbert/mac_admin (>= 0.1.0)
      rcoleman/mac_profiles_handler (>= 0.1.0)

GIT
  remote: https://github.com/stankevich/puppet-python.git
  ref: master
  sha: f508b71d534f3c67db12886fa914cb4ef74bbe7a
  specs:
    python (1.1.4)

DEPENDENCIES
  crypt (>= 0)
  dhoppe/hosts (>= 0)
  puppetlabs/apache (>= 0)
  puppetlabs/apt (>= 0)
  puppetlabs/dashboard (>= 0)
  puppetlabs/firewall (>= 0)
  puppetlabs/mysql (>= 0)
  puppetlabs/passenger (>= 0)
  puppetlabs/postgresql (>= 0)
  puppetlabs/puppetdb (>= 0)
  puppetlabs/ruby (>= 0)
  puppetlabs/stdlib (>= 0)
  puppetlabs/vcsrepo (>= 0)
  puppetmaster (>= 0)
  python (>= 0)
  upstart (>= 0)

