FORGE
  remote: http://forge.puppetlabs.com
  specs:
    cprice404/inifile (0.9.0)
    dhoppe/hosts (0.0.4)
    puppetlabs/apache (0.6.0)
      puppetlabs/firewall (>= 0.0.4)
      puppetlabs/stdlib (>= 2.2.1)
    puppetlabs/apt (1.1.0)
      puppetlabs/stdlib (>= 2.2.1)
    puppetlabs/firewall (0.3.0)
    puppetlabs/mysql (0.6.1)
      puppetlabs/stdlib (>= 2.2.1)
    puppetlabs/passenger (0.0.4)
      puppetlabs/apache (>= 0.0.3)
      puppetlabs/ruby (>= 0.0.1)
    puppetlabs/postgresql (2.2.0)
      puppetlabs/apt (< 2.0.0, >= 1.1.0)
      puppetlabs/firewall (>= 0.0.4)
      puppetlabs/stdlib (< 5.0.0, >= 3.2.0)
      ripienaar/concat (>= 0.2.0)
    puppetlabs/puppetdb (1.2.1)
      cprice404/inifile (>= 0.9.0)
      puppetlabs/firewall (>= 0.0.4)
      puppetlabs/postgresql (~> 2)
    puppetlabs/ruby (0.0.2)
    puppetlabs/stdlib (4.0.2)
    puppetlabs/vcsrepo (0.1.1)
    rcoleman/mac_profiles_handler (0.2.0)
    ripienaar/concat (0.2.0)

GIT
  remote: https://github.com/bison/puppet-upstart.git
  ref: master
  sha: 05a10a3a58de3543eb51bb782a249cebf71f5cd8
  specs:
    upstart (0.0.1)
      puppetlabs/stdlib (>= 0.1.6)

GIT
  remote: https://github.com/fsalum/puppet-puppetmaster.git
  ref: master
  sha: bb28e66a32cfc357f767a83c781c57bef679d726
  specs:
    puppetmaster (0.0.2)
      cprice404/inifile (>= 0.9.0)

GIT
  remote: https://github.com/grahamgilbert/puppet-crypt.git
  ref: master
  sha: a2b831a88f71849e411d92c80d0ab6fc567bb5b8
  specs:
    crypt (0.0.1)
      rcoleman/mac_profiles_handler (>= 0.1.0)

GIT
  remote: https://github.com/grahamgilbert/puppetlabs-dashboard.git
  ref: master
  sha: 821b9194afc26b94c1411ae51b417495a4dd5ba7
  specs:
    dashboard (0.0.1)

GIT
  remote: https://github.com/stankevich/puppet-python.git
  ref: master
  sha: cd190e9601b62db33b6451cce3079596dadd1383
  specs:
    python (1.0.0)

DEPENDENCIES
  crypt (>= 0)
  dashboard (>= 0)
  dhoppe/hosts (>= 0)
  puppetlabs/apache (>= 0)
  puppetlabs/apt (>= 0)
  puppetlabs/firewall (>= 0)
  puppetlabs/mysql (>= 0)
  puppetlabs/passenger (>= 0)
  puppetlabs/postgresql (>= 0)
  puppetlabs/puppetdb (>= 0)
  puppetlabs/ruby (>= 0)
  puppetlabs/stdlib (>= 0)
  puppetlabs/vcsrepo (= 0.1.1)
  puppetmaster (>= 0)
  python (>= 0)
  upstart (>= 0)

